
Microsoft Visual Studio Solution File, Format Version 12.00
# Visual Studio Version 17
VisualStudioVersion = 17.14.36616.10 d17.14
MinimumVisualStudioVersion = 10.0.40219.1
Project("{FAE04EC0-301F-11D3-BF4B-00C04F79EFBC}") = "Yahtzee", "Yahtzee.csproj", "{91D8FBF6-EEA5-4422-BB1B-71D5001748C8}"
EndProject
Global
	GlobalSection(SolutionConfigurationPlatforms) = preSolution
		Debug|Any CPU = Debug|Any CPU
		Release|Any CPU = Release|Any CPU
	EndGlobalSection
	GlobalSection(ProjectConfigurationPlatforms) = postSolution
		{91D8FBF6-EEA5-4422-BB1B-71D5001748C8}.Debug|Any CPU.ActiveCfg = Debug|Any CPU
		{91D8FBF6-EEA5-4422-BB1B-71D5001748C8}.Debug|Any CPU.Build.0 = Debug|Any CPU
		{91D8FBF6-EEA5-4422-BB1B-71D5001748C8}.Release|Any CPU.ActiveCfg = Release|Any CPU
		{91D8FBF6-EEA5-4422-BB1B-71D5001748C8}.Release|Any CPU.Build.0 = Release|Any CPU
	EndGlobalSection
	GlobalSection(SolutionProperties) = preSolution
		HideSolutionNode = FALSE
	EndGlobalSection
	GlobalSection(ExtensibilityGlobals) = postSolution
		SolutionGuid = {7283AC75-CF1C-42D9-8069-DC67AB42B850}
	EndGlobalSection
EndGlobal
